// !$*UTF8*$!
{
	archiveVersion = 1;
	classes = {
	};
	objectVersion = 55;
	objects = {

/* Begin PBXBuildFile section */
		6A5591872673C1D0003888B7 /* AppDelegate.swift in Sources */ = {isa = PBXBuildFile; fileRef = 6A5591862673C1D0003888B7 /* AppDelegate.swift */; };
		6A5591892673C1D0003888B7 /* SceneDelegate.swift in Sources */ = {isa = PBXBuildFile; fileRef = 6A5591882673C1D0003888B7 /* SceneDelegate.swift */; };
		6A55918B2673C1D0003888B7 /* MemeGeneratorViewController.swift in Sources */ = {isa = PBXBuildFile; fileRef = 6A55918A2673C1D0003888B7 /* MemeGeneratorViewController.swift */; };
		6A55918E2673C1D0003888B7 /* Main.storyboard in Resources */ = {isa = PBXBuildFile; fileRef = 6A55918C2673C1D0003888B7 /* Main.storyboard */; };
		6A5591902673C1D3003888B7 /* Assets.xcassets in Resources */ = {isa = PBXBuildFile; fileRef = 6A55918F2673C1D3003888B7 /* Assets.xcassets */; };
		6A5591932673C1D3003888B7 /* LaunchScreen.storyboard in Resources */ = {isa = PBXBuildFile; fileRef = 6A5591912673C1D3003888B7 /* LaunchScreen.storyboard */; };
		6A55919E2673C1D3003888B7 /* I_m_just_a_memerTests.swift in Sources */ = {isa = PBXBuildFile; fileRef = 6A55919D2673C1D3003888B7 /* I_m_just_a_memerTests.swift */; };
		6A5591A82673C1D3003888B7 /* I_m_just_a_memerUITests.swift in Sources */ = {isa = PBXBuildFile; fileRef = 6A5591A72673C1D3003888B7 /* I_m_just_a_memerUITests.swift */; };
		6A5591B52673C241003888B7 /* MemeGeneratorApiClient.swift in Sources */ = {isa = PBXBuildFile; fileRef = 6A5591B42673C241003888B7 /* MemeGeneratorApiClient.swift */; };
		6A5591B72673D78B003888B7 /* MemeTypePickerView.swift in Sources */ = {isa = PBXBuildFile; fileRef = 6A5591B62673D78B003888B7 /* MemeTypePickerView.swift */; };
		6A5591B92673DED8003888B7 /* Meme.swift in Sources */ = {isa = PBXBuildFile; fileRef = 6A5591B82673DED8003888B7 /* Meme.swift */; };
		6A5591BB2673E2B4003888B7 /* MemeTypeViewModel.swift in Sources */ = {isa = PBXBuildFile; fileRef = 6A5591BA2673E2B4003888B7 /* MemeTypeViewModel.swift */; };
		6A5591BD26751A5D003888B7 /* MemePickerRow.swift in Sources */ = {isa = PBXBuildFile; fileRef = 6A5591BC26751A5D003888B7 /* MemePickerRow.swift */; };
		6A5591BF26752E34003888B7 /* MemeGeneratorJsonApiClient.swift in Sources */ = {isa = PBXBuildFile; fileRef = 6A5591BE26752E34003888B7 /* MemeGeneratorJsonApiClient.swift */; };
		6A5591C1267666BC003888B7 /* MemeResponse.swift in Sources */ = {isa = PBXBuildFile; fileRef = 6A5591C0267666BC003888B7 /* MemeResponse.swift */; };
/* End PBXBuildFile section */

/* Begin PBXContainerItemProxy section */
		6A55919A2673C1D3003888B7 /* PBXContainerItemProxy */ = {
			isa = PBXContainerItemProxy;
			containerPortal = 6A55917B2673C1D0003888B7 /* Project object */;
			proxyType = 1;
			remoteGlobalIDString = 6A5591822673C1D0003888B7;
			remoteInfo = "I'm just a memer";
		};
		6A5591A42673C1D3003888B7 /* PBXContainerItemProxy */ = {
			isa = PBXContainerItemProxy;
			containerPortal = 6A55917B2673C1D0003888B7 /* Project object */;
			proxyType = 1;
			remoteGlobalIDString = 6A5591822673C1D0003888B7;
			remoteInfo = "I'm just a memer";
		};
/* End PBXContainerItemProxy section */

/* Begin PBXFileReference section */
		6A5591832673C1D0003888B7 /* I'm just a memer.app */ = {isa = PBXFileReference; explicitFileType = wrapper.application; includeInIndex = 0; path = "I'm just a memer.app"; sourceTree = BUILT_PRODUCTS_DIR; };
		6A5591862673C1D0003888B7 /* AppDelegate.swift */ = {isa = PBXFileReference; lastKnownFileType = sourcecode.swift; path = AppDelegate.swift; sourceTree = "<group>"; };
		6A5591882673C1D0003888B7 /* SceneDelegate.swift */ = {isa = PBXFileReference; lastKnownFileType = sourcecode.swift; path = SceneDelegate.swift; sourceTree = "<group>"; };
		6A55918A2673C1D0003888B7 /* MemeGeneratorViewController.swift */ = {isa = PBXFileReference; lastKnownFileType = sourcecode.swift; path = MemeGeneratorViewController.swift; sourceTree = "<group>"; };
		6A55918D2673C1D0003888B7 /* Base */ = {isa = PBXFileReference; lastKnownFileType = file.storyboard; name = Base; path = Base.lproj/Main.storyboard; sourceTree = "<group>"; };
		6A55918F2673C1D3003888B7 /* Assets.xcassets */ = {isa = PBXFileReference; lastKnownFileType = folder.assetcatalog; path = Assets.xcassets; sourceTree = "<group>"; };
		6A5591922673C1D3003888B7 /* Base */ = {isa = PBXFileReference; lastKnownFileType = file.storyboard; name = Base; path = Base.lproj/LaunchScreen.storyboard; sourceTree = "<group>"; };
		6A5591942673C1D3003888B7 /* Info.plist */ = {isa = PBXFileReference; lastKnownFileType = text.plist.xml; path = Info.plist; sourceTree = "<group>"; };
		6A5591992673C1D3003888B7 /* I'm just a memerTests.xctest */ = {isa = PBXFileReference; explicitFileType = wrapper.cfbundle; includeInIndex = 0; path = "I'm just a memerTests.xctest"; sourceTree = BUILT_PRODUCTS_DIR; };
		6A55919D2673C1D3003888B7 /* I_m_just_a_memerTests.swift */ = {isa = PBXFileReference; lastKnownFileType = sourcecode.swift; path = I_m_just_a_memerTests.swift; sourceTree = "<group>"; };
		6A5591A32673C1D3003888B7 /* I'm just a memerUITests.xctest */ = {isa = PBXFileReference; explicitFileType = wrapper.cfbundle; includeInIndex = 0; path = "I'm just a memerUITests.xctest"; sourceTree = BUILT_PRODUCTS_DIR; };
		6A5591A72673C1D3003888B7 /* I_m_just_a_memerUITests.swift */ = {isa = PBXFileReference; lastKnownFileType = sourcecode.swift; path = I_m_just_a_memerUITests.swift; sourceTree = "<group>"; };
		6A5591B42673C241003888B7 /* MemeGeneratorApiClient.swift */ = {isa = PBXFileReference; lastKnownFileType = sourcecode.swift; path = MemeGeneratorApiClient.swift; sourceTree = "<group>"; };
		6A5591B62673D78B003888B7 /* MemeTypePickerView.swift */ = {isa = PBXFileReference; lastKnownFileType = sourcecode.swift; path = MemeTypePickerView.swift; sourceTree = "<group>"; };
		6A5591B82673DED8003888B7 /* Meme.swift */ = {isa = PBXFileReference; lastKnownFileType = sourcecode.swift; path = Meme.swift; sourceTree = "<group>"; };
		6A5591BA2673E2B4003888B7 /* MemeTypeViewModel.swift */ = {isa = PBXFileReference; lastKnownFileType = sourcecode.swift; path = MemeTypeViewModel.swift; sourceTree = "<group>"; };
		6A5591BC26751A5D003888B7 /* MemePickerRow.swift */ = {isa = PBXFileReference; lastKnownFileType = sourcecode.swift; path = MemePickerRow.swift; sourceTree = "<group>"; };
		6A5591BE26752E34003888B7 /* MemeGeneratorJsonApiClient.swift */ = {isa = PBXFileReference; lastKnownFileType = sourcecode.swift; path = MemeGeneratorJsonApiClient.swift; sourceTree = "<group>"; };
		6A5591C0267666BC003888B7 /* MemeResponse.swift */ = {isa = PBXFileReference; lastKnownFileType = sourcecode.swift; path = MemeResponse.swift; sourceTree = "<group>"; };
/* End PBXFileReference section */

/* Begin PBXFrameworksBuildPhase section */
		6A5591802673C1D0003888B7 /* Frameworks */ = {
			isa = PBXFrameworksBuildPhase;
			buildActionMask = 2147483647;
			files = (
			);
			runOnlyForDeploymentPostprocessing = 0;
		};
		6A5591962673C1D3003888B7 /* Frameworks */ = {
			isa = PBXFrameworksBuildPhase;
			buildActionMask = 2147483647;
			files = (
			);
			runOnlyForDeploymentPostprocessing = 0;
		};
		6A5591A02673C1D3003888B7 /* Frameworks */ = {
			isa = PBXFrameworksBuildPhase;
			buildActionMask = 2147483647;
			files = (
			);
			runOnlyForDeploymentPostprocessing = 0;
		};
/* End PBXFrameworksBuildPhase section */

/* Begin PBXGroup section */
		6A55917A2673C1D0003888B7 = {
			isa = PBXGroup;
			children = (
				6A5591BE26752E34003888B7 /* MemeGeneratorJsonApiClient.swift */,
				6A5591C0267666BC003888B7 /* MemeResponse.swift */,
				6A5591BC26751A5D003888B7 /* MemePickerRow.swift */,
				6A5591852673C1D0003888B7 /* I'm just a memer */,
				6A55919C2673C1D3003888B7 /* I'm just a memerTests */,
				6A5591A62673C1D3003888B7 /* I'm just a memerUITests */,
				6A5591842673C1D0003888B7 /* Products */,
			);
			sourceTree = "<group>";
		};
		6A5591842673C1D0003888B7 /* Products */ = {
			isa = PBXGroup;
			children = (
				6A5591832673C1D0003888B7 /* I'm just a memer.app */,
				6A5591992673C1D3003888B7 /* I'm just a memerTests.xctest */,
				6A5591A32673C1D3003888B7 /* I'm just a memerUITests.xctest */,
			);
			name = Products;
			sourceTree = "<group>";
		};
		6A5591852673C1D0003888B7 /* I'm just a memer */ = {
			isa = PBXGroup;
			children = (
				6A5591862673C1D0003888B7 /* AppDelegate.swift */,
				6A5591B42673C241003888B7 /* MemeGeneratorApiClient.swift */,
				6A5591882673C1D0003888B7 /* SceneDelegate.swift */,
				6A55918A2673C1D0003888B7 /* MemeGeneratorViewController.swift */,
				6A5591B62673D78B003888B7 /* MemeTypePickerView.swift */,
				6A5591BA2673E2B4003888B7 /* MemeTypeViewModel.swift */,
				6A5591B82673DED8003888B7 /* Meme.swift */,
				6A55918C2673C1D0003888B7 /* Main.storyboard */,
				6A55918F2673C1D3003888B7 /* Assets.xcassets */,
				6A5591912673C1D3003888B7 /* LaunchScreen.storyboard */,
				6A5591942673C1D3003888B7 /* Info.plist */,
			);
			path = "I'm just a memer";
			sourceTree = "<group>";
		};
		6A55919C2673C1D3003888B7 /* I'm just a memerTests */ = {
			isa = PBXGroup;
			children = (
				6A55919D2673C1D3003888B7 /* I_m_just_a_memerTests.swift */,
			);
			path = "I'm just a memerTests";
			sourceTree = "<group>";
		};
		6A5591A62673C1D3003888B7 /* I'm just a memerUITests */ = {
			isa = PBXGroup;
			children = (
				6A5591A72673C1D3003888B7 /* I_m_just_a_memerUITests.swift */,
			);
			path = "I'm just a memerUITests";
			sourceTree = "<group>";
		};
/* End PBXGroup section */

/* Begin PBXNativeTarget section */
		6A5591822673C1D0003888B7 /* I'm just a memer */ = {
			isa = PBXNativeTarget;
			buildConfigurationList = 6A5591AB2673C1D3003888B7 /* Build configuration list for PBXNativeTarget "I'm just a memer" */;
			buildPhases = (
				6A55917F2673C1D0003888B7 /* Sources */,
				6A5591802673C1D0003888B7 /* Frameworks */,
				6A5591812673C1D0003888B7 /* Resources */,
			);
			buildRules = (
			);
			dependencies = (
			);
			name = "I'm just a memer";
			productName = "I'm just a memer";
			productReference = 6A5591832673C1D0003888B7 /* I'm just a memer.app */;
			productType = "com.apple.product-type.application";
		};
		6A5591982673C1D3003888B7 /* I'm just a memerTests */ = {
			isa = PBXNativeTarget;
			buildConfigurationList = 6A5591AE2673C1D3003888B7 /* Build configuration list for PBXNativeTarget "I'm just a memerTests" */;
			buildPhases = (
				6A5591952673C1D3003888B7 /* Sources */,
				6A5591962673C1D3003888B7 /* Frameworks */,
				6A5591972673C1D3003888B7 /* Resources */,
			);
			buildRules = (
			);
			dependencies = (
				6A55919B2673C1D3003888B7 /* PBXTargetDependency */,
			);
			name = "I'm just a memerTests";
			productName = "I'm just a memerTests";
			productReference = 6A5591992673C1D3003888B7 /* I'm just a memerTests.xctest */;
			productType = "com.apple.product-type.bundle.unit-test";
		};
		6A5591A22673C1D3003888B7 /* I'm just a memerUITests */ = {
			isa = PBXNativeTarget;
			buildConfigurationList = 6A5591B12673C1D3003888B7 /* Build configuration list for PBXNativeTarget "I'm just a memerUITests" */;
			buildPhases = (
				6A55919F2673C1D3003888B7 /* Sources */,
				6A5591A02673C1D3003888B7 /* Frameworks */,
				6A5591A12673C1D3003888B7 /* Resources */,
			);
			buildRules = (
			);
			dependencies = (
				6A5591A52673C1D3003888B7 /* PBXTargetDependency */,
			);
			name = "I'm just a memerUITests";
			productName = "I'm just a memerUITests";
			productReference = 6A5591A32673C1D3003888B7 /* I'm just a memerUITests.xctest */;
			productType = "com.apple.product-type.bundle.ui-testing";
		};
/* End PBXNativeTarget section */

/* Begin PBXProject section */
		6A55917B2673C1D0003888B7 /* Project object */ = {
			isa = PBXProject;
			attributes = {
				BuildIndependentTargetsInParallel = 1;
				LastSwiftUpdateCheck = 1300;
				LastUpgradeCheck = 1300;
				TargetAttributes = {
					6A5591822673C1D0003888B7 = {
						CreatedOnToolsVersion = 13.0;
					};
					6A5591982673C1D3003888B7 = {
						CreatedOnToolsVersion = 13.0;
						TestTargetID = 6A5591822673C1D0003888B7;
					};
					6A5591A22673C1D3003888B7 = {
						CreatedOnToolsVersion = 13.0;
						TestTargetID = 6A5591822673C1D0003888B7;
					};
				};
			};
			buildConfigurationList = 6A55917E2673C1D0003888B7 /* Build configuration list for PBXProject "I'm just a memer" */;
			compatibilityVersion = "Xcode 13.0";
			developmentRegion = en;
			hasScannedForEncodings = 0;
			knownRegions = (
				en,
				Base,
			);
			mainGroup = 6A55917A2673C1D0003888B7;
			productRefGroup = 6A5591842673C1D0003888B7 /* Products */;
			projectDirPath = "";
			projectRoot = "";
			targets = (
				6A5591822673C1D0003888B7 /* I'm just a memer */,
				6A5591982673C1D3003888B7 /* I'm just a memerTests */,
				6A5591A22673C1D3003888B7 /* I'm just a memerUITests */,
			);
		};
/* End PBXProject section */

/* Begin PBXResourcesBuildPhase section */
		6A5591812673C1D0003888B7 /* Resources */ = {
			isa = PBXResourcesBuildPhase;
			buildActionMask = 2147483647;
			files = (
				6A5591932673C1D3003888B7 /* LaunchScreen.storyboard in Resources */,
				6A5591902673C1D3003888B7 /* Assets.xcassets in Resources */,
				6A55918E2673C1D0003888B7 /* Main.storyboard in Resources */,
			);
			runOnlyForDeploymentPostprocessing = 0;
		};
		6A5591972673C1D3003888B7 /* Resources */ = {
			isa = PBXResourcesBuildPhase;
			buildActionMask = 2147483647;
			files = (
			);
			runOnlyForDeploymentPostprocessing = 0;
		};
		6A5591A12673C1D3003888B7 /* Resources */ = {
			isa = PBXResourcesBuildPhase;
			buildActionMask = 2147483647;
			files = (
			);
			runOnlyForDeploymentPostprocessing = 0;
		};
/* End PBXResourcesBuildPhase section */

/* Begin PBXSourcesBuildPhase section */
		6A55917F2673C1D0003888B7 /* Sources */ = {
			isa = PBXSourcesBuildPhase;
			buildActionMask = 2147483647;
			files = (
				6A5591BD26751A5D003888B7 /* MemePickerRow.swift in Sources */,
				6A5591B72673D78B003888B7 /* MemeTypePickerView.swift in Sources */,
				6A5591BB2673E2B4003888B7 /* MemeTypeViewModel.swift in Sources */,
				6A5591BF26752E34003888B7 /* MemeGeneratorJsonApiClient.swift in Sources */,
				6A55918B2673C1D0003888B7 /* MemeGeneratorViewController.swift in Sources */,
				6A5591872673C1D0003888B7 /* AppDelegate.swift in Sources */,
				6A5591C1267666BC003888B7 /* MemeResponse.swift in Sources */,
				6A5591B92673DED8003888B7 /* Meme.swift in Sources */,
				6A5591892673C1D0003888B7 /* SceneDelegate.swift in Sources */,
				6A5591B52673C241003888B7 /* MemeGeneratorApiClient.swift in Sources */,
			);
			runOnlyForDeploymentPostprocessing = 0;
		};
		6A5591952673C1D3003888B7 /* Sources */ = {
			isa = PBXSourcesBuildPhase;
			buildActionMask = 2147483647;
			files = (
				6A55919E2673C1D3003888B7 /* I_m_just_a_memerTests.swift in Sources */,
			);
			runOnlyForDeploymentPostprocessing = 0;
		};
		6A55919F2673C1D3003888B7 /* Sources */ = {
			isa = PBXSourcesBuildPhase;
			buildActionMask = 2147483647;
			files = (
				6A5591A82673C1D3003888B7 /* I_m_just_a_memerUITests.swift in Sources */,
			);
			runOnlyForDeploymentPostprocessing = 0;
		};
/* End PBXSourcesBuildPhase section */

/* Begin PBXTargetDependency section */
		6A55919B2673C1D3003888B7 /* PBXTargetDependency */ = {
			isa = PBXTargetDependency;
			target = 6A5591822673C1D0003888B7 /* I'm just a memer */;
			targetProxy = 6A55919A2673C1D3003888B7 /* PBXContainerItemProxy */;
		};
		6A5591A52673C1D3003888B7 /* PBXTargetDependency */ = {
			isa = PBXTargetDependency;
			target = 6A5591822673C1D0003888B7 /* I'm just a memer */;
			targetProxy = 6A5591A42673C1D3003888B7 /* PBXContainerItemProxy */;
		};
/* End PBXTargetDependency section */

/* Begin PBXVariantGroup section */
		6A55918C2673C1D0003888B7 /* Main.storyboard */ = {
			isa = PBXVariantGroup;
			children = (
				6A55918D2673C1D0003888B7 /* Base */,
			);
			name = Main.storyboard;
			sourceTree = "<group>";
		};
		6A5591912673C1D3003888B7 /* LaunchScreen.storyboard */ = {
			isa = PBXVariantGroup;
			children = (
				6A5591922673C1D3003888B7 /* Base */,
			);
			name = LaunchScreen.storyboard;
			sourceTree = "<group>";
		};
/* End PBXVariantGroup section */

/* Begin XCBuildConfiguration section */
		6A5591A92673C1D3003888B7 /* Debug */ = {
			isa = XCBuildConfiguration;
			buildSettings = {
				ALWAYS_SEARCH_USER_PATHS = NO;
				CLANG_ANALYZER_NONNULL = YES;
				CLANG_ANALYZER_NUMBER_OBJECT_CONVERSION = YES_AGGRESSIVE;
				CLANG_CXX_LANGUAGE_STANDARD = "gnu++14";
				CLANG_CXX_LIBRARY = "libc++";
				CLANG_ENABLE_MODULES = YES;
				CLANG_ENABLE_OBJC_ARC = YES;
				CLANG_ENABLE_OBJC_WEAK = YES;
				CLANG_WARN_BLOCK_CAPTURE_AUTORELEASING = YES;
				CLANG_WARN_BOOL_CONVERSION = YES;
				CLANG_WARN_COMMA = YES;
				CLANG_WARN_CONSTANT_CONVERSION = YES;
				CLANG_WARN_DEPRECATED_OBJC_IMPLEMENTATIONS = YES;
				CLANG_WARN_DIRECT_OBJC_ISA_USAGE = YES_ERROR;
				CLANG_WARN_DOCUMENTATION_COMMENTS = YES;
				CLANG_WARN_EMPTY_BODY = YES;
				CLANG_WARN_ENUM_CONVERSION = YES;
				CLANG_WARN_INFINITE_RECURSION = YES;
				CLANG_WARN_INT_CONVERSION = YES;
				CLANG_WARN_NON_LITERAL_NULL_CONVERSION = YES;
				CLANG_WARN_OBJC_IMPLICIT_RETAIN_SELF = YES;
				CLANG_WARN_OBJC_LITERAL_CONVERSION = YES;
				CLANG_WARN_OBJC_ROOT_CLASS = YES_ERROR;
				CLANG_WARN_QUOTED_INCLUDE_IN_FRAMEWORK_HEADER = YES;
				CLANG_WARN_RANGE_LOOP_ANALYSIS = YES;
				CLANG_WARN_STRICT_PROTOTYPES = YES;
				CLANG_WARN_SUSPICIOUS_MOVE = YES;
				CLANG_WARN_UNGUARDED_AVAILABILITY = YES_AGGRESSIVE;
				CLANG_WARN_UNREACHABLE_CODE = YES;
				CLANG_WARN__DUPLICATE_METHOD_MATCH = YES;
				COPY_PHASE_STRIP = NO;
				DEBUG_INFORMATION_FORMAT = dwarf;
				ENABLE_STRICT_OBJC_MSGSEND = YES;
				ENABLE_TESTABILITY = YES;
				GCC_C_LANGUAGE_STANDARD = gnu11;
				GCC_DYNAMIC_NO_PIC = NO;
				GCC_NO_COMMON_BLOCKS = YES;
				GCC_OPTIMIZATION_LEVEL = 0;
				GCC_PREPROCESSOR_DEFINITIONS = (
					"DEBUG=1",
					"$(inherited)",
				);
				GCC_WARN_64_TO_32_BIT_CONVERSION = YES;
				GCC_WARN_ABOUT_RETURN_TYPE = YES_ERROR;
				GCC_WARN_UNDECLARED_SELECTOR = YES;
				GCC_WARN_UNINITIALIZED_AUTOS = YES_AGGRESSIVE;
				GCC_WARN_UNUSED_FUNCTION = YES;
				GCC_WARN_UNUSED_VARIABLE = YES;
				IPHONEOS_DEPLOYMENT_TARGET = 15.0;
				MTL_ENABLE_DEBUG_INFO = INCLUDE_SOURCE;
				MTL_FAST_MATH = YES;
				ONLY_ACTIVE_ARCH = YES;
				SDKROOT = iphoneos;
				SWIFT_ACTIVE_COMPILATION_CONDITIONS = DEBUG;
				SWIFT_OPTIMIZATION_LEVEL = "-Onone";
			};
			name = Debug;
		};
		6A5591AA2673C1D3003888B7 /* Release */ = {
			isa = XCBuildConfiguration;
			buildSettings = {
				ALWAYS_SEARCH_USER_PATHS = NO;
				CLANG_ANALYZER_NONNULL = YES;
				CLANG_ANALYZER_NUMBER_OBJECT_CONVERSION = YES_AGGRESSIVE;
				CLANG_CXX_LANGUAGE_STANDARD = "gnu++14";
				CLANG_CXX_LIBRARY = "libc++";
				CLANG_ENABLE_MODULES = YES;
				CLANG_ENABLE_OBJC_ARC = YES;
				CLANG_ENABLE_OBJC_WEAK = YES;
				CLANG_WARN_BLOCK_CAPTURE_AUTORELEASING = YES;
				CLANG_WARN_BOOL_CONVERSION = YES;
				CLANG_WARN_COMMA = YES;
				CLANG_WARN_CONSTANT_CONVERSION = YES;
				CLANG_WARN_DEPRECATED_OBJC_IMPLEMENTATIONS = YES;
				CLANG_WARN_DIRECT_OBJC_ISA_USAGE = YES_ERROR;
				CLANG_WARN_DOCUMENTATION_COMMENTS = YES;
				CLANG_WARN_EMPTY_BODY = YES;
				CLANG_WARN_ENUM_CONVERSION = YES;
				CLANG_WARN_INFINITE_RECURSION = YES;
				CLANG_WARN_INT_CONVERSION = YES;
				CLANG_WARN_NON_LITERAL_NULL_CONVERSION = YES;
				CLANG_WARN_OBJC_IMPLICIT_RETAIN_SELF = YES;
				CLANG_WARN_OBJC_LITERAL_CONVERSION = YES;
				CLANG_WARN_OBJC_ROOT_CLASS = YES_ERROR;
				CLANG_WARN_QUOTED_INCLUDE_IN_FRAMEWORK_HEADER = YES;
				CLANG_WARN_RANGE_LOOP_ANALYSIS = YES;
				CLANG_WARN_STRICT_PROTOTYPES = YES;
				CLANG_WARN_SUSPICIOUS_MOVE = YES;
				CLANG_WARN_UNGUARDED_AVAILABILITY = YES_AGGRESSIVE;
				CLANG_WARN_UNREACHABLE_CODE = YES;
				CLANG_WARN__DUPLICATE_METHOD_MATCH = YES;
				COPY_PHASE_STRIP = NO;
				DEBUG_INFORMATION_FORMAT = "dwarf-with-dsym";
				ENABLE_NS_ASSERTIONS = NO;
				ENABLE_STRICT_OBJC_MSGSEND = YES;
				GCC_C_LANGUAGE_STANDARD = gnu11;
				GCC_NO_COMMON_BLOCKS = YES;
				GCC_WARN_64_TO_32_BIT_CONVERSION = YES;
				GCC_WARN_ABOUT_RETURN_TYPE = YES_ERROR;
				GCC_WARN_UNDECLARED_SELECTOR = YES;
				GCC_WARN_UNINITIALIZED_AUTOS = YES_AGGRESSIVE;
				GCC_WARN_UNUSED_FUNCTION = YES;
				GCC_WARN_UNUSED_VARIABLE = YES;
				IPHONEOS_DEPLOYMENT_TARGET = 15.0;
				MTL_ENABLE_DEBUG_INFO = NO;
				MTL_FAST_MATH = YES;
				SDKROOT = iphoneos;
				SWIFT_COMPILATION_MODE = wholemodule;
				SWIFT_OPTIMIZATION_LEVEL = "-O";
				VALIDATE_PRODUCT = YES;
			};
			name = Release;
		};
		6A5591AC2673C1D3003888B7 /* Debug */ = {
			isa = XCBuildConfiguration;
			buildSettings = {
				ASSETCATALOG_COMPILER_APPICON_NAME = AppIcon;
				ASSETCATALOG_COMPILER_GLOBAL_ACCENT_COLOR_NAME = AccentColor;
				CODE_SIGN_STYLE = Automatic;
				CURRENT_PROJECT_VERSION = 1;
				GENERATE_INFOPLIST_FILE = YES;
				INFOPLIST_FILE = "I'm just a memer/Info.plist";
				INFOPLIST_KEY_UIApplicationSupportsIndirectInputEvents = YES;
				INFOPLIST_KEY_UILaunchStoryboardName = LaunchScreen;
				INFOPLIST_KEY_UIMainStoryboardFile = Main;
				INFOPLIST_KEY_UISupportedInterfaceOrientations_iPad = "UIInterfaceOrientationPortrait UIInterfaceOrientationPortraitUpsideDown UIInterfaceOrientationLandscapeLeft UIInterfaceOrientationLandscapeRight";
				INFOPLIST_KEY_UISupportedInterfaceOrientations_iPhone = "UIInterfaceOrientationPortrait UIInterfaceOrientationLandscapeLeft UIInterfaceOrientationLandscapeRight";
				LD_RUNPATH_SEARCH_PATHS = (
					"$(inherited)",
					"@executable_path/Frameworks",
				);
				MARKETING_VERSION = 1.0;
				PRODUCT_BUNDLE_IDENTIFIER = "com.me.I-m-just-a-memer";
				PRODUCT_NAME = "$(TARGET_NAME)";
				SWIFT_EMIT_LOC_STRINGS = YES;
				SWIFT_VERSION = 5.0;
				TARGETED_DEVICE_FAMILY = "1,2";
			};
			name = Debug;
		};
		6A5591AD2673C1D3003888B7 /* Release */ = {
			isa = XCBuildConfiguration;
			buildSettings = {
				ASSETCATALOG_COMPILER_APPICON_NAME = AppIcon;
				ASSETCATALOG_COMPILER_GLOBAL_ACCENT_COLOR_NAME = AccentColor;
				CODE_SIGN_STYLE = Automatic;
				CURRENT_PROJECT_VERSION = 1;
				GENERATE_INFOPLIST_FILE = YES;
				INFOPLIST_FILE = "I'm just a memer/Info.plist";
				INFOPLIST_KEY_UIApplicationSupportsIndirectInputEvents = YES;
				INFOPLIST_KEY_UILaunchStoryboardName = LaunchScreen;
				INFOPLIST_KEY_UIMainStoryboardFile = Main;
				INFOPLIST_KEY_UISupportedInterfaceOrientations_iPad = "UIInterfaceOrientationPortrait UIInterfaceOrientationPortraitUpsideDown UIInterfaceOrientationLandscapeLeft UIInterfaceOrientationLandscapeRight";
				INFOPLIST_KEY_UISupportedInterfaceOrientations_iPhone = "UIInterfaceOrientationPortrait UIInterfaceOrientationLandscapeLeft UIInterfaceOrientationLandscapeRight";
				LD_RUNPATH_SEARCH_PATHS = (
					"$(inherited)",
					"@executable_path/Frameworks",
				);
				MARKETING_VERSION = 1.0;
				PRODUCT_BUNDLE_IDENTIFIER = "com.me.I-m-just-a-memer";
				PRODUCT_NAME = "$(TARGET_NAME)";
				SWIFT_EMIT_LOC_STRINGS = YES;
				SWIFT_VERSION = 5.0;
				TARGETED_DEVICE_FAMILY = "1,2";
			};
			name = Release;
		};
		6A5591AF2673C1D3003888B7 /* Debug */ = {
			isa = XCBuildConfiguration;
			buildSettings = {
				ALWAYS_EMBED_SWIFT_STANDARD_LIBRARIES = YES;
				BUNDLE_LOADER = "$(TEST_HOST)";
				CODE_SIGN_STYLE = Automatic;
				CURRENT_PROJECT_VERSION = 1;
				GENERATE_INFOPLIST_FILE = YES;
				IPHONEOS_DEPLOYMENT_TARGET = 15.0;
				LD_RUNPATH_SEARCH_PATHS = (
					"$(inherited)",
					"@executable_path/Frameworks",
					"@loader_path/Frameworks",
				);
				MARKETING_VERSION = 1.0;
				PRODUCT_BUNDLE_IDENTIFIER = "com.me.I-m-just-a-memerTests";
				PRODUCT_NAME = "$(TARGET_NAME)";
				SWIFT_EMIT_LOC_STRINGS = NO;
				SWIFT_VERSION = 5.0;
				TARGETED_DEVICE_FAMILY = "1,2";
				TEST_HOST = "$(BUILT_PRODUCTS_DIR)/I'm just a memer.app/I'm just a memer";
			};
			name = Debug;
		};
		6A5591B02673C1D3003888B7 /* Release */ = {
			isa = XCBuildConfiguration;
			buildSettings = {
				ALWAYS_EMBED_SWIFT_STANDARD_LIBRARIES = YES;
				BUNDLE_LOADER = "$(TEST_HOST)";
				CODE_SIGN_STYLE = Automatic;
				CURRENT_PROJECT_VERSION = 1;
				GENERATE_INFOPLIST_FILE = YES;
				IPHONEOS_DEPLOYMENT_TARGET = 15.0;
				LD_RUNPATH_SEARCH_PATHS = (
					"$(inherited)",
					"@executable_path/Frameworks",
					"@loader_path/Frameworks",
				);
				MARKETING_VERSION = 1.0;
				PRODUCT_BUNDLE_IDENTIFIER = "com.me.I-m-just-a-memerTests";
				PRODUCT_NAME = "$(TARGET_NAME)";
				SWIFT_EMIT_LOC_STRINGS = NO;
				SWIFT_VERSION = 5.0;
				TARGETED_DEVICE_FAMILY = "1,2";
				TEST_HOST = "$(BUILT_PRODUCTS_DIR)/I'm just a memer.app/I'm just a memer";
			};
			name = Release;
		};
		6A5591B22673C1D3003888B7 /* Debug */ = {
			isa = XCBuildConfiguration;
			buildSettings = {
				ALWAYS_EMBED_SWIFT_STANDARD_LIBRARIES = YES;
				CODE_SIGN_STYLE = Automatic;
				CURRENT_PROJECT_VERSION = 1;
				GENERATE_INFOPLIST_FILE = YES;
				LD_RUNPATH_SEARCH_PATHS = (
					"$(inherited)",
					"@executable_path/Frameworks",
					"@loader_path/Frameworks",
				);
				MARKETING_VERSION = 1.0;
				PRODUCT_BUNDLE_IDENTIFIER = "com.me.I-m-just-a-memerUITests";
				PRODUCT_NAME = "$(TARGET_NAME)";
				SWIFT_EMIT_LOC_STRINGS = NO;
				SWIFT_VERSION = 5.0;
				TARGETED_DEVICE_FAMILY = "1,2";
				TEST_TARGET_NAME = "I'm just a memer";
			};
			name = Debug;
		};
		6A5591B32673C1D3003888B7 /* Release */ = {
			isa = XCBuildConfiguration;
			buildSettings = {
				ALWAYS_EMBED_SWIFT_STANDARD_LIBRARIES = YES;
				CODE_SIGN_STYLE = Automatic;
				CURRENT_PROJECT_VERSION = 1;
				GENERATE_INFOPLIST_FILE = YES;
				LD_RUNPATH_SEARCH_PATHS = (
					"$(inherited)",
					"@executable_path/Frameworks",
					"@loader_path/Frameworks",
				);
				MARKETING_VERSION = 1.0;
				PRODUCT_BUNDLE_IDENTIFIER = "com.me.I-m-just-a-memerUITests";
				PRODUCT_NAME = "$(TARGET_NAME)";
				SWIFT_EMIT_LOC_STRINGS = NO;
				SWIFT_VERSION = 5.0;
				TARGETED_DEVICE_FAMILY = "1,2";
				TEST_TARGET_NAME = "I'm just a memer";
			};
			name = Release;
		};
/* End XCBuildConfiguration section */

/* Begin XCConfigurationList section */
		6A55917E2673C1D0003888B7 /* Build configuration list for PBXProject "I'm just a memer" */ = {
			isa = XCConfigurationList;
			buildConfigurations = (
				6A5591A92673C1D3003888B7 /* Debug */,
				6A5591AA2673C1D3003888B7 /* Release */,
			);
			defaultConfigurationIsVisible = 0;
			defaultConfigurationName = Release;
		};
		6A5591AB2673C1D3003888B7 /* Build configuration list for PBXNativeTarget "I'm just a memer" */ = {
			isa = XCConfigurationList;
			buildConfigurations = (
				6A5591AC2673C1D3003888B7 /* Debug */,
				6A5591AD2673C1D3003888B7 /* Release */,
			);
			defaultConfigurationIsVisible = 0;
			defaultConfigurationName = Release;
		};
		6A5591AE2673C1D3003888B7 /* Build configuration list for PBXNativeTarget "I'm just a memerTests" */ = {
			isa = XCConfigurationList;
			buildConfigurations = (
				6A5591AF2673C1D3003888B7 /* Debug */,
				6A5591B02673C1D3003888B7 /* Release */,
			);
			defaultConfigurationIsVisible = 0;
			defaultConfigurationName = Release;
		};
		6A5591B12673C1D3003888B7 /* Build configuration list for PBXNativeTarget "I'm just a memerUITests" */ = {
			isa = XCConfigurationList;
			buildConfigurations = (
				6A5591B22673C1D3003888B7 /* Debug */,
				6A5591B32673C1D3003888B7 /* Release */,
			);
			defaultConfigurationIsVisible = 0;
			defaultConfigurationName = Release;
		};
/* End XCConfigurationList section */
	};
	rootObject = 6A55917B2673C1D0003888B7 /* Project object */;
}
